PODS:
  - DACircularProgress (2.3.1)
  - Expecta (1.0.6)
  - Expecta+Snapshots (2.0.0):
    - Expecta (~> 1.0)
    - FBSnapshotTestCase/Core (~> 2.0.3)
  - FBSnapshotTestCase (2.0.7):
    - FBSnapshotTestCase/SwiftSupport (= 2.0.7)
  - FBSnapshotTestCase/Core (2.0.7)
  - FBSnapshotTestCase/SwiftSupport (2.0.7):
    - FBSnapshotTestCase/Core
  - MBProgressHUD (1.0.0)
  - MWPhotoBrowser (2.1.2):
    - DACircularProgress (~> 2.3)
    - MBProgressHUD (~> 1.0)
    - SDWebImage (~> 4.2.0)
  - SDWebImage (4.2.3):
    - SDWebImage/Core (= 4.2.3)
  - SDWebImage/Core (4.2.3)
  - Specta (1.0.7)

DEPENDENCIES:
  - Expecta
  - Expecta+Snapshots
  - FBSnapshotTestCase
  - MWPhotoBrowser (from `https://raw.githubusercontent.com/shenguanjiejie/MWPhotoBrowser/master/MWPhotoBrowser.podspec`)
  - Specta

EXTERNAL SOURCES:
  MWPhotoBrowser:
    :podspec: https://raw.githubusercontent.com/shenguanjiejie/MWPhotoBrowser/master/MWPhotoBrowser.podspec

SPEC CHECKSUMS:
  DACircularProgress: 4dd437c0fc3da5161cb289e07ac449493d41db71
  Expecta: 3b6bd90a64b9a1dcb0b70aa0e10a7f8f631667d5
  Expecta+Snapshots: 29b38dd695bc72a0ed2bea833937d78df41943ba
  FBSnapshotTestCase: 7e85180d0d141a0cf472352edda7e80d7eaeb547
  MBProgressHUD: 4890f671c94e8a0f3cf959aa731e9de2f036d71a
  MWPhotoBrowser: 353f2b7231c6508b9d0da1c60dddb446747b262f
  SDWebImage: 791bb72962b3492327ddcac4b1880bd1b5458431
  Specta: 3e1bd89c3517421982dc4d1c992503e48bd5fe66

PODFILE CHECKSUM: 6842a052d929825ff76e5fef02c58351eb716a3c

COCOAPODS: 1.4.0.rc.1
